Microsoft Visual Studio Solution File, Format Version 12.00
# Visual Studio 2012
Project("{FAE04EC0-301F-11D3-BF4B-00C04F79EFBC}") = "Behavior", "Behavior\Behavior.csproj", "{2D572392-0F02-4063-90A1-C64C68B255F5}"
EndProject
Project("{FAE04EC0-301F-11D3-BF4B-00C04F79EFBC}") = "BehaviorGenerator", "BehaviorGenerator\BehaviorGenerator.csproj", "{625B6B5C-54BE-4DF8-AF8F-5D42953F88D2}"
EndProject
Global
	GlobalSection(SolutionConfigurationPlatforms) = preSolution
	Debug|Any CPU = Debug|Any CPU
	ExportDebug|Any CPU = ExportDebug|Any CPU
	ExportRelease|Any CPU = ExportRelease|Any CPU
	EndGlobalSection
	GlobalSection(ProjectConfigurationPlatforms) = postSolution
		{2D572392-0F02-4063-90A1-C64C68B255F5}.Debug|Any CPU.ActiveCfg = Debug|Any CPU
		{2D572392-0F02-4063-90A1-C64C68B255F5}.Debug|Any CPU.Build.0 = Debug|Any CPU
		{2D572392-0F02-4063-90A1-C64C68B255F5}.ExportDebug|Any CPU.ActiveCfg = ExportDebug|Any CPU
		{2D572392-0F02-4063-90A1-C64C68B255F5}.ExportDebug|Any CPU.Build.0 = ExportDebug|Any CPU
		{2D572392-0F02-4063-90A1-C64C68B255F5}.ExportRelease|Any CPU.ActiveCfg = ExportRelease|Any CPU
		{2D572392-0F02-4063-90A1-C64C68B255F5}.ExportRelease|Any CPU.Build.0 = ExportRelease|Any CPU
		{625B6B5C-54BE-4DF8-AF8F-5D42953F88D2}.Debug|Any CPU.ActiveCfg = Debug|Any CPU
		{625B6B5C-54BE-4DF8-AF8F-5D42953F88D2}.Debug|Any CPU.Build.0 = Debug|Any CPU
		{625B6B5C-54BE-4DF8-AF8F-5D42953F88D2}.ExportDebug|Any CPU.ActiveCfg = Debug|Any CPU
		{625B6B5C-54BE-4DF8-AF8F-5D42953F88D2}.ExportDebug|Any CPU.Build.0 = Debug|Any CPU
		{625B6B5C-54BE-4DF8-AF8F-5D42953F88D2}.ExportRelease|Any CPU.ActiveCfg = Debug|Any CPU
		{625B6B5C-54BE-4DF8-AF8F-5D42953F88D2}.ExportRelease|Any CPU.Build.0 = Debug|Any CPU
	EndGlobalSection
EndGlobal
